{
    "_readme": [
        "This file locks the dependencies of your project to a known state",
        "Read more about it at https://getcomposer.org/doc/01-basic-usage.md#installing-dependencies",
        "This file is @generated automatically"
    ],
    "content-hash": "17878bcc0ae26ef2054224295aa2bbbe",
    "packages": [
        {
            "name": "google/apiclient-services",
            "version": "v0.384.0",
            "source": {
                "type": "git",
                "url": "https://github.com/googleapis/google-api-php-client-services.git",
                "reference": "fcb190bb02cea2c939e67867bf9122fd8d02c351"
            },
            "dist": {
                "type": "zip",
                "url": "https://api.github.com/repos/googleapis/google-api-php-client-services/zipball/fcb190bb02cea2c939e67867bf9122fd8d02c351",
                "reference": "fcb190bb02cea2c939e67867bf9122fd8d02c351",
                "shasum": ""
            },
            "require": {
                "php": "^8.0"
            },
            "require-dev": {
                "phpunit/phpunit": "^9.6"
            },
            "type": "library",
            "autoload": {
                "files": [
                    "autoload.php"
                ],
                "psr-4": {
                    "Google\\Service\\": "src"
                }
            },
            "notification-url": "https://packagist.org/downloads/",
            "license": [
                "Apache-2.0"
            ],
            "description": "Client library for Google APIs",
            "homepage": "http://developers.google.com/api-client-library/php",
            "keywords": [
                "google"
            ],
            "support": {
                "issues": "https://github.com/googleapis/google-api-php-client-services/issues",
                "source": "https://github.com/googleapis/google-api-php-client-services/tree/v0.384.0"
            },
            "time": "2024-11-27T01:08:46+00:00"
        }
    ],
    "packages-dev": [],
    "aliases": [],
    "minimum-stability": "stable",
    "stability-flags": [],
    "prefer-stable": false,
    "prefer-lowest": false,
    "platform": [],
    "platform-dev": [],
    "plugin-api-version": "2.6.0"
}
